
Microsoft Visual Studio Solution File, Format Version 12.00
# Visual Studio Version 17
VisualStudioVersion = 17.10.35027.167
MinimumVisualStudioVersion = 10.0.40219.1
Project("{FAE04EC0-301F-11D3-BF4B-00C04F79EFBC}") = "HaftaikiKapanis", "HaftaikiKapanis\HaftaikiKapanis.csproj", "{54D2A8D0-FEDD-4D46-814E-1A117012807D}"
EndProject
Global
	GlobalSection(SolutionConfigurationPlatforms) = preSolution
		Debug|Any CPU = Debug|Any CPU
		Release|Any CPU = Release|Any CPU
	EndGlobalSection
	GlobalSection(ProjectConfigurationPlatforms) = postSolution
		{54D2A8D0-FEDD-4D46-814E-1A117012807D}.Debug|Any CPU.ActiveCfg = Debug|Any CPU
		{54D2A8D0-FEDD-4D46-814E-1A117012807D}.Debug|Any CPU.Build.0 = Debug|Any CPU
		{54D2A8D0-FEDD-4D46-814E-1A117012807D}.Release|Any CPU.ActiveCfg = Release|Any CPU
		{54D2A8D0-FEDD-4D46-814E-1A117012807D}.Release|Any CPU.Build.0 = Release|Any CPU
	EndGlobalSection
	GlobalSection(SolutionProperties) = preSolution
		HideSolutionNode = FALSE
	EndGlobalSection
	GlobalSection(ExtensibilityGlobals) = postSolution
		SolutionGuid = {090A9870-896B-4B67-898A-4705B039E1E8}
	EndGlobalSection
EndGlobal
